github.com/deckarep/golang-set/v2 v2.5.0 h1:hn6cEZtQ0h3J8kFrHR/NrzyOoTnjgW1+FmNJzQ7y/sA=
github.com/deckarep/golang-set/v2 v2.5.0/go.mod h1:VAky9rY/yGXJOLEDv3OMci+7wtDpOF4IN+y82NBOac4=
golang.org/x/exp v0.0.0-20231219180239-dc181d75b848 h1:+iq7lrkxmFNBM7xx+Rae2W6uyPfhPeDWD+n+JgppptE=
golang.org/x/exp v0.0.0-20231219180239-dc181d75b848/go.mod h1:iRJReGqOEeBhDZGkGbynYwcHlctCvnjTYIamk7uXpHI=
